
Microsoft Visual Studio Solution File, Format Version 12.00
# Visual Studio Version 17
VisualStudioVersion = 17.4.33103.184
MinimumVisualStudioVersion = 10.0.40219.1
Project("{FAE04EC0-301F-11D3-BF4B-00C04F79EFBC}") = "Modulos2N", "Modulos2N\Modulos2N.csproj", "{6E437E3E-6C6D-42F0-BA0F-219E17974688}"
EndProject
Global
	GlobalSection(SolutionConfigurationPlatforms) = preSolution
		Debug|Any CPU = Debug|Any CPU
		Release|Any CPU = Release|Any CPU
	EndGlobalSection
	GlobalSection(ProjectConfigurationPlatforms) = postSolution
		{6E437E3E-6C6D-42F0-BA0F-219E17974688}.Debug|Any CPU.ActiveCfg = Debug|Any CPU
		{6E437E3E-6C6D-42F0-BA0F-219E17974688}.Debug|Any CPU.Build.0 = Debug|Any CPU
		{6E437E3E-6C6D-42F0-BA0F-219E17974688}.Release|Any CPU.ActiveCfg = Release|Any CPU
		{6E437E3E-6C6D-42F0-BA0F-219E17974688}.Release|Any CPU.Build.0 = Release|Any CPU
	EndGlobalSection
	GlobalSection(SolutionProperties) = preSolution
		HideSolutionNode = FALSE
	EndGlobalSection
	GlobalSection(ExtensibilityGlobals) = postSolution
		SolutionGuid = {BC4BDAC1-9B55-4318-AF60-C960737A1543}
	EndGlobalSection
EndGlobal
