
Microsoft Visual Studio Solution File, Format Version 12.00
# Visual Studio Version 17
VisualStudioVersion = 17.4.33103.184
MinimumVisualStudioVersion = 10.0.40219.1
Project("{FAE04EC0-301F-11D3-BF4B-00C04F79EFBC}") = "Modulo3N", "Modulo3N\Modulo3N.csproj", "{37D26D51-A81E-471E-B24D-A4890A4A4335}"
EndProject
Global
	GlobalSection(SolutionConfigurationPlatforms) = preSolution
		Debug|Any CPU = Debug|Any CPU
		Release|Any CPU = Release|Any CPU
	EndGlobalSection
	GlobalSection(ProjectConfigurationPlatforms) = postSolution
		{37D26D51-A81E-471E-B24D-A4890A4A4335}.Debug|Any CPU.ActiveCfg = Debug|Any CPU
		{37D26D51-A81E-471E-B24D-A4890A4A4335}.Debug|Any CPU.Build.0 = Debug|Any CPU
		{37D26D51-A81E-471E-B24D-A4890A4A4335}.Release|Any CPU.ActiveCfg = Release|Any CPU
		{37D26D51-A81E-471E-B24D-A4890A4A4335}.Release|Any CPU.Build.0 = Release|Any CPU
	EndGlobalSection
	GlobalSection(SolutionProperties) = preSolution
		HideSolutionNode = FALSE
	EndGlobalSection
	GlobalSection(ExtensibilityGlobals) = postSolution
		SolutionGuid = {195770C1-E077-4A6B-BB66-4E451F8AFC76}
	EndGlobalSection
EndGlobal
