
Microsoft Visual Studio Solution File, Format Version 12.00
# Visual Studio Version 17
VisualStudioVersion = 17.4.33103.184
MinimumVisualStudioVersion = 10.0.40219.1
Project("{FAE04EC0-301F-11D3-BF4B-00C04F79EFBC}") = "Modulos4N", "Modulos4N\Modulos4N.csproj", "{E7616E4F-F1F7-4BA3-8459-2F642D309D78}"
EndProject
Global
	GlobalSection(SolutionConfigurationPlatforms) = preSolution
		Debug|Any CPU = Debug|Any CPU
		Release|Any CPU = Release|Any CPU
	EndGlobalSection
	GlobalSection(ProjectConfigurationPlatforms) = postSolution
		{E7616E4F-F1F7-4BA3-8459-2F642D309D78}.Debug|Any CPU.ActiveCfg = Debug|Any CPU
		{E7616E4F-F1F7-4BA3-8459-2F642D309D78}.Debug|Any CPU.Build.0 = Debug|Any CPU
		{E7616E4F-F1F7-4BA3-8459-2F642D309D78}.Release|Any CPU.ActiveCfg = Release|Any CPU
		{E7616E4F-F1F7-4BA3-8459-2F642D309D78}.Release|Any CPU.Build.0 = Release|Any CPU
	EndGlobalSection
	GlobalSection(SolutionProperties) = preSolution
		HideSolutionNode = FALSE
	EndGlobalSection
	GlobalSection(ExtensibilityGlobals) = postSolution
		SolutionGuid = {2E5B63CA-3197-46B2-B932-DE9DFBB2530A}
	EndGlobalSection
EndGlobal
